# This file is autogenerated, do not edit; changes may be undone by the next 'dep ensure'.


[[projects]]
  name = "github.com/Sirupsen/logrus"
  packages = ["."]
  revision = "c155da19408a8799da419ed3eeb0cb5db0ad5dbc"
  version = "v1.0.5"

[[projects]]
  name = "github.com/k8s-community/handlers"
  packages = ["."]
  revision = "602d2bfca12c3b7d45c74ed67f3875a4468a82a4"
  version = "0.0.1"

[[projects]]
  name = "github.com/takama/router"
  packages = ["."]
  revision = "0db9d28f71e2a29c7b82ea6a0851bb0dedeaf744"
  version = "0.6.5"

[[projects]]
  branch = "master"
  name = "golang.org/x/crypto"
  packages = ["ssh/terminal"]
  revision = "88942b9c40a4c9d203b82b3731787b672d6e809b"

[[projects]]
  branch = "master"
  name = "golang.org/x/sys"
  packages = [
    "unix",
    "windows"
  ]
  revision = "91ee8cde435411ca3f1cd365e8f20131aed4d0a1"

[solve-meta]
  analyzer-name = "dep"
  analyzer-version = 1
  inputs-digest = "f8b6659db762398e9675f663a93c87c556c9b1cfbc46e5441385ebe2fa00d621"
  solver-name = "gps-cdcl"
  solver-version = 1
